
Microsoft Visual Studio Solution File, Format Version 12.00
# Visual Studio 15
Project("{FAE04EC0-301F-11D3-BF4B-00C04F79EFBC}") = "Assembly-CSharp", "Assembly-CSharp.csproj", "{2F01A2C9-0BAF-240E-316D-8F45047FEC47}"
EndProject
Project("{FAE04EC0-301F-11D3-BF4B-00C04F79EFBC}") = "Assembly-CSharp-Editor", "Assembly-CSharp-Editor.csproj", "{A199A113-F086-4DFC-14F5-44664FEAC718}"
EndProject
Global
	GlobalSection(SolutionConfigurationPlatforms) = preSolution
		Debug|Any CPU = Debug|Any CPU
		Release|Any CPU = Release|Any CPU
	EndGlobalSection
	GlobalSection(ProjectConfigurationPlatforms) = postSolution
		{2F01A2C9-0BAF-240E-316D-8F45047FEC47}.Debug|Any CPU.ActiveCfg = Debug|Any CPU
		{2F01A2C9-0BAF-240E-316D-8F45047FEC47}.Debug|Any CPU.Build.0 = Debug|Any CPU
		{2F01A2C9-0BAF-240E-316D-8F45047FEC47}.Release|Any CPU.ActiveCfg = Release|Any CPU
		{2F01A2C9-0BAF-240E-316D-8F45047FEC47}.Release|Any CPU.Build.0 = Release|Any CPU
		{A199A113-F086-4DFC-14F5-44664FEAC718}.Debug|Any CPU.ActiveCfg = Debug|Any CPU
		{A199A113-F086-4DFC-14F5-44664FEAC718}.Debug|Any CPU.Build.0 = Debug|Any CPU
		{A199A113-F086-4DFC-14F5-44664FEAC718}.Release|Any CPU.ActiveCfg = Release|Any CPU
		{A199A113-F086-4DFC-14F5-44664FEAC718}.Release|Any CPU.Build.0 = Release|Any CPU
	EndGlobalSection
	GlobalSection(SolutionProperties) = preSolution
		HideSolutionNode = FALSE
	EndGlobalSection
EndGlobal
